
Microsoft Visual Studio Solution File, Format Version 12.00
# Visual Studio 15
VisualStudioVersion = 15.0.27428.2027
MinimumVisualStudioVersion = 10.0.40219.1
Project("{FAE04EC0-301F-11D3-BF4B-00C04F79EFBC}") = "DomainModel", "DomainModel\DomainModel.csproj", "{CF53B09A-27F9-4828-BA1D-BEE0372E2FE9}"
EndProject
Project("{FAE04EC0-301F-11D3-BF4B-00C04F79EFBC}") = "DomainModel.Tests", "DomainModel.Tests\DomainModel.Tests.csproj", "{49675041-FE81-4F2C-80D8-2AD3F84D50D5}"
EndProject
Project("{FAE04EC0-301F-11D3-BF4B-00C04F79EFBC}") = "MVC", "MVC\MVC.csproj", "{730FBD50-65B9-4178-9231-47214EEA589A}"
EndProject
Project("{FAE04EC0-301F-11D3-BF4B-00C04F79EFBC}") = "MVCAPI", "MVCAPI\MVCAPI.csproj", "{FFF95293-2F96-4EC0-BD4D-725DC0CFEFF0}"
EndProject
Project("{FAE04EC0-301F-11D3-BF4B-00C04F79EFBC}") = "WebApplication", "WebApplication1\WebApplication.csproj", "{A81345AF-D4E5-4E4A-A8B2-A23F65E43F08}"
EndProject
Global
	GlobalSection(SolutionConfigurationPlatforms) = preSolution
		Debug|Any CPU = Debug|Any CPU
		Release|Any CPU = Release|Any CPU
	EndGlobalSection
	GlobalSection(ProjectConfigurationPlatforms) = postSolution
		{CF53B09A-27F9-4828-BA1D-BEE0372E2FE9}.Debug|Any CPU.ActiveCfg = Debug|Any CPU
		{CF53B09A-27F9-4828-BA1D-BEE0372E2FE9}.Debug|Any CPU.Build.0 = Debug|Any CPU
		{CF53B09A-27F9-4828-BA1D-BEE0372E2FE9}.Release|Any CPU.ActiveCfg = Release|Any CPU
		{CF53B09A-27F9-4828-BA1D-BEE0372E2FE9}.Release|Any CPU.Build.0 = Release|Any CPU
		{49675041-FE81-4F2C-80D8-2AD3F84D50D5}.Debug|Any CPU.ActiveCfg = Debug|Any CPU
		{49675041-FE81-4F2C-80D8-2AD3F84D50D5}.Debug|Any CPU.Build.0 = Debug|Any CPU
		{49675041-FE81-4F2C-80D8-2AD3F84D50D5}.Release|Any CPU.ActiveCfg = Release|Any CPU
		{49675041-FE81-4F2C-80D8-2AD3F84D50D5}.Release|Any CPU.Build.0 = Release|Any CPU
		{730FBD50-65B9-4178-9231-47214EEA589A}.Debug|Any CPU.ActiveCfg = Debug|Any CPU
		{730FBD50-65B9-4178-9231-47214EEA589A}.Debug|Any CPU.Build.0 = Debug|Any CPU
		{730FBD50-65B9-4178-9231-47214EEA589A}.Release|Any CPU.ActiveCfg = Release|Any CPU
		{730FBD50-65B9-4178-9231-47214EEA589A}.Release|Any CPU.Build.0 = Release|Any CPU
		{FFF95293-2F96-4EC0-BD4D-725DC0CFEFF0}.Debug|Any CPU.ActiveCfg = Debug|Any CPU
		{FFF95293-2F96-4EC0-BD4D-725DC0CFEFF0}.Debug|Any CPU.Build.0 = Debug|Any CPU
		{FFF95293-2F96-4EC0-BD4D-725DC0CFEFF0}.Release|Any CPU.ActiveCfg = Release|Any CPU
		{FFF95293-2F96-4EC0-BD4D-725DC0CFEFF0}.Release|Any CPU.Build.0 = Release|Any CPU
		{A81345AF-D4E5-4E4A-A8B2-A23F65E43F08}.Debug|Any CPU.ActiveCfg = Debug|Any CPU
		{A81345AF-D4E5-4E4A-A8B2-A23F65E43F08}.Debug|Any CPU.Build.0 = Debug|Any CPU
		{A81345AF-D4E5-4E4A-A8B2-A23F65E43F08}.Release|Any CPU.ActiveCfg = Release|Any CPU
		{A81345AF-D4E5-4E4A-A8B2-A23F65E43F08}.Release|Any CPU.Build.0 = Release|Any CPU
	EndGlobalSection
	GlobalSection(SolutionProperties) = preSolution
		HideSolutionNode = FALSE
	EndGlobalSection
	GlobalSection(ExtensibilityGlobals) = postSolution
		SolutionGuid = {8C888E08-1552-49F6-B3C2-98491E0AE908}
	EndGlobalSection
EndGlobal
